// !$*UTF8*$!
{
	archiveVersion = 1;
	classes = {
	};
	objectVersion = 46;
	objects = {

/* Begin PBXBuildFile section */
		5400EFF21D8AEADA00B0A267 /* IntroduceVC.m in Sources */ = {isa = PBXBuildFile; fileRef = 5400EFF11D8AEADA00B0A267 /* IntroduceVC.m */; };
		5400EFF51D8AEB6500B0A267 /* CellIntro.m in Sources */ = {isa = PBXBuildFile; fileRef = 5400EFF41D8AEB6500B0A267 /* CellIntro.m */; };
		5400EFF71D8B11D400B0A267 /* Search.storyboard in Resources */ = {isa = PBXBuildFile; fileRef = 5400EFF61D8B11D400B0A267 /* Search.storyboard */; };
		5400EFFE1D8B135D00B0A267 /* LoginVC.m in Sources */ = {isa = PBXBuildFile; fileRef = 5400EFFD1D8B135D00B0A267 /* LoginVC.m */; };
		5400F0021D8B13A700B0A267 /* SignUpVC.m in Sources */ = {isa = PBXBuildFile; fileRef = 5400F0011D8B13A700B0A267 /* SignUpVC.m */; };
		5400F0061D8B14A700B0A267 /* ForGetpassVC.m in Sources */ = {isa = PBXBuildFile; fileRef = 5400F0051D8B14A700B0A267 /* ForGetpassVC.m */; };
		5400F0081D8B14BA00B0A267 /* Login.storyboard in Resources */ = {isa = PBXBuildFile; fileRef = 5400F0071D8B14BA00B0A267 /* Login.storyboard */; };
		54132EC31D8B86BD00B8FDC3 /* SearchVC.m in Sources */ = {isa = PBXBuildFile; fileRef = 54132EC21D8B86BD00B8FDC3 /* SearchVC.m */; };
		549239891D8A73EE0094D84F /* AppDelegate.m in Sources */ = {isa = PBXBuildFile; fileRef = 5492396B1D8A73EE0094D84F /* AppDelegate.m */; };
		5492398A1D8A73EE0094D84F /* Assets.xcassets in Resources */ = {isa = PBXBuildFile; fileRef = 5492396C1D8A73EE0094D84F /* Assets.xcassets */; };
		5492398B1D8A73EE0094D84F /* LaunchScreen.storyboard in Resources */ = {isa = PBXBuildFile; fileRef = 5492396D1D8A73EE0094D84F /* LaunchScreen.storyboard */; };
		5492398C1D8A73EE0094D84F /* Info.plist in Resources */ = {isa = PBXBuildFile; fileRef = 5492396F1D8A73EE0094D84F /* Info.plist */; };
		5492398D1D8A73EE0094D84F /* main.m in Sources */ = {isa = PBXBuildFile; fileRef = 549239701D8A73EE0094D84F /* main.m */; };
		5492398E1D8A73EE0094D84F /* Main.storyboard in Resources */ = {isa = PBXBuildFile; fileRef = 549239741D8A73EE0094D84F /* Main.storyboard */; };
		5492398F1D8A73EE0094D84F /* BaseNV.m in Sources */ = {isa = PBXBuildFile; fileRef = 549239791D8A73EE0094D84F /* BaseNV.m */; };
		549239901D8A73EE0094D84F /* BaseVC.m in Sources */ = {isa = PBXBuildFile; fileRef = 5492397C1D8A73EE0094D84F /* BaseVC.m */; };
		549239931D8A73EE0094D84F /* MainVC.m in Sources */ = {isa = PBXBuildFile; fileRef = 549239851D8A73EE0094D84F /* MainVC.m */; };
		549239941D8A73EE0094D84F /* MenuVC.m in Sources */ = {isa = PBXBuildFile; fileRef = 549239881D8A73EE0094D84F /* MenuVC.m */; };
		549239971D8A9A140094D84F /* Introduce.storyboard in Resources */ = {isa = PBXBuildFile; fileRef = 549239961D8A9A140094D84F /* Introduce.storyboard */; };
/* End PBXBuildFile section */

/* Begin PBXFileReference section */
		5400EFF01D8AEADA00B0A267 /* IntroduceVC.h */ = {isa = PBXFileReference; fileEncoding = 4; lastKnownFileType = sourcecode.c.h; path = IntroduceVC.h; sourceTree = "<group>"; };
		5400EFF11D8AEADA00B0A267 /* IntroduceVC.m */ = {isa = PBXFileReference; fileEncoding = 4; lastKnownFileType = sourcecode.c.objc; path = IntroduceVC.m; sourceTree = "<group>"; };
		5400EFF31D8AEB6500B0A267 /* CellIntro.h */ = {isa = PBXFileReference; fileEncoding = 4; lastKnownFileType = sourcecode.c.h; path = CellIntro.h; sourceTree = "<group>"; };
		5400EFF41D8AEB6500B0A267 /* CellIntro.m */ = {isa = PBXFileReference; fileEncoding = 4; lastKnownFileType = sourcecode.c.objc; path = CellIntro.m; sourceTree = "<group>"; };
		5400EFF61D8B11D400B0A267 /* Search.storyboard */ = {isa = PBXFileReference; fileEncoding = 4; lastKnownFileType = file.storyboard; path = Search.storyboard; sourceTree = "<group>"; };
		5400EFFC1D8B135D00B0A267 /* LoginVC.h */ = {isa = PBXFileReference; fileEncoding = 4; lastKnownFileType = sourcecode.c.h; path = LoginVC.h; sourceTree = "<group>"; };
		5400EFFD1D8B135D00B0A267 /* LoginVC.m */ = {isa = PBXFileReference; fileEncoding = 4; lastKnownFileType = sourcecode.c.objc; path = LoginVC.m; sourceTree = "<group>"; };
		5400F0001D8B13A700B0A267 /* SignUpVC.h */ = {isa = PBXFileReference; fileEncoding = 4; lastKnownFileType = sourcecode.c.h; name = SignUpVC.h; path = SignUpVC/SignUpVC.h; sourceTree = "<group>"; };
		5400F0011D8B13A700B0A267 /* SignUpVC.m */ = {isa = PBXFileReference; fileEncoding = 4; lastKnownFileType = sourcecode.c.objc; name = SignUpVC.m; path = SignUpVC/SignUpVC.m; sourceTree = "<group>"; };
		5400F0041D8B14A700B0A267 /* ForGetpassVC.h */ = {isa = PBXFileReference; fileEncoding = 4; lastKnownFileType = sourcecode.c.h; path = ForGetpassVC.h; sourceTree = "<group>"; };
		5400F0051D8B14A700B0A267 /* ForGetpassVC.m */ = {isa = PBXFileReference; fileEncoding = 4; lastKnownFileType = sourcecode.c.objc; path = ForGetpassVC.m; sourceTree = "<group>"; };
		5400F0071D8B14BA00B0A267 /* Login.storyboard */ = {isa = PBXFileReference; fileEncoding = 4; lastKnownFileType = file.storyboard; path = Login.storyboard; sourceTree = "<group>"; };
		54132EC11D8B86BD00B8FDC3 /* SearchVC.h */ = {isa = PBXFileReference; fileEncoding = 4; lastKnownFileType = sourcecode.c.h; name = SearchVC.h; path = SearchVC/SearchVC.h; sourceTree = "<group>"; };
		54132EC21D8B86BD00B8FDC3 /* SearchVC.m */ = {isa = PBXFileReference; fileEncoding = 4; lastKnownFileType = sourcecode.c.objc; name = SearchVC.m; path = SearchVC/SearchVC.m; sourceTree = "<group>"; };
		5492396A1D8A73EE0094D84F /* AppDelegate.h */ = {isa = PBXFileReference; fileEncoding = 4; lastKnownFileType = sourcecode.c.h; path = AppDelegate.h; sourceTree = "<group>"; };
		5492396B1D8A73EE0094D84F /* AppDelegate.m */ = {isa = PBXFileReference; fileEncoding = 4; lastKnownFileType = sourcecode.c.objc; path = AppDelegate.m; sourceTree = "<group>"; };
		5492396C1D8A73EE0094D84F /* Assets.xcassets */ = {isa = PBXFileReference; lastKnownFileType = folder.assetcatalog; name = Assets.xcassets; path = ../Assets.xcassets; sourceTree = "<group>"; };
		5492396E1D8A73EE0094D84F /* Base */ = {isa = PBXFileReference; lastKnownFileType = file.storyboard; name = Base; path = Base.lproj/LaunchScreen.storyboard; sourceTree = "<group>"; };
		5492396F1D8A73EE0094D84F /* Info.plist */ = {isa = PBXFileReference; fileEncoding = 4; lastKnownFileType = text.plist.xml; name = Info.plist; path = ../Info.plist; sourceTree = "<group>"; };
		549239701D8A73EE0094D84F /* main.m */ = {isa = PBXFileReference; fileEncoding = 4; lastKnownFileType = sourcecode.c.objc; name = main.m; path = ../main.m; sourceTree = "<group>"; };
		549239741D8A73EE0094D84F /* Main.storyboard */ = {isa = PBXFileReference; fileEncoding = 4; lastKnownFileType = file.storyboard; path = Main.storyboard; sourceTree = "<group>"; };
		549239781D8A73EE0094D84F /* BaseNV.h */ = {isa = PBXFileReference; fileEncoding = 4; lastKnownFileType = sourcecode.c.h; path = BaseNV.h; sourceTree = "<group>"; };
		549239791D8A73EE0094D84F /* BaseNV.m */ = {isa = PBXFileReference; fileEncoding = 4; lastKnownFileType = sourcecode.c.objc; path = BaseNV.m; sourceTree = "<group>"; };
		5492397B1D8A73EE0094D84F /* BaseVC.h */ = {isa = PBXFileReference; fileEncoding = 4; lastKnownFileType = sourcecode.c.h; path = BaseVC.h; sourceTree = "<group>"; };
		5492397C1D8A73EE0094D84F /* BaseVC.m */ = {isa = PBXFileReference; fileEncoding = 4; lastKnownFileType = sourcecode.c.objc; path = BaseVC.m; sourceTree = "<group>"; };
		549239841D8A73EE0094D84F /* MainVC.h */ = {isa = PBXFileReference; fileEncoding = 4; lastKnownFileType = sourcecode.c.h; path = MainVC.h; sourceTree = "<group>"; };
		549239851D8A73EE0094D84F /* MainVC.m */ = {isa = PBXFileReference; fileEncoding = 4; lastKnownFileType = sourcecode.c.objc; path = MainVC.m; sourceTree = "<group>"; };
		549239871D8A73EE0094D84F /* MenuVC.h */ = {isa = PBXFileReference; fileEncoding = 4; lastKnownFileType = sourcecode.c.h; path = MenuVC.h; sourceTree = "<group>"; };
		549239881D8A73EE0094D84F /* MenuVC.m */ = {isa = PBXFileReference; fileEncoding = 4; lastKnownFileType = sourcecode.c.objc; path = MenuVC.m; sourceTree = "<group>"; };
		549239951D8A7BA80094D84F /* define.h */ = {isa = PBXFileReference; lastKnownFileType = sourcecode.c.h; path = define.h; sourceTree = "<group>"; };
		549239961D8A9A140094D84F /* Introduce.storyboard */ = {isa = PBXFileReference; fileEncoding = 4; lastKnownFileType = file.storyboard; path = Introduce.storyboard; sourceTree = "<group>"; };
		5496F6D71D87FDCA00486A3B /* Cơm Việt.app */ = {isa = PBXFileReference; explicitFileType = wrapper.application; includeInIndex = 0; path = "Cơm Việt.app"; sourceTree = BUILT_PRODUCTS_DIR; };
/* End PBXFileReference section */

/* Begin PBXFrameworksBuildPhase section */
		5496F6D41D87FDCA00486A3B /* Frameworks */ = {
			isa = PBXFrameworksBuildPhase;
			buildActionMask = 2147483647;
			files = (
			);
			runOnlyForDeploymentPostprocessing = 0;
		};
/* End PBXFrameworksBuildPhase section */

/* Begin PBXGroup section */
		5400EFED1D8AEADA00B0A267 /* Introduce */ = {
			isa = PBXGroup;
			children = (
				5400EFEE1D8AEADA00B0A267 /* CellIntro */,
				5400EFEF1D8AEADA00B0A267 /* IntroduceVC */,
			);
			path = Introduce;
			sourceTree = "<group>";
		};
		5400EFEE1D8AEADA00B0A267 /* CellIntro */ = {
			isa = PBXGroup;
			children = (
				5400EFF31D8AEB6500B0A267 /* CellIntro.h */,
				5400EFF41D8AEB6500B0A267 /* CellIntro.m */,
			);
			path = CellIntro;
			sourceTree = "<group>";
		};
		5400EFEF1D8AEADA00B0A267 /* IntroduceVC */ = {
			isa = PBXGroup;
			children = (
				5400EFF01D8AEADA00B0A267 /* IntroduceVC.h */,
				5400EFF11D8AEADA00B0A267 /* IntroduceVC.m */,
			);
			path = IntroduceVC;
			sourceTree = "<group>";
		};
		5400EFFA1D8B132C00B0A267 /* Login */ = {
			isa = PBXGroup;
			children = (
				5400F0031D8B140300B0A267 /* ForGetpassVC */,
				5400EFFF1D8B136700B0A267 /* SignUpVC */,
				5400EFFB1D8B132C00B0A267 /* LoginVC */,
			);
			path = Login;
			sourceTree = "<group>";
		};
		5400EFFB1D8B132C00B0A267 /* LoginVC */ = {
			isa = PBXGroup;
			children = (
				5400EFFC1D8B135D00B0A267 /* LoginVC.h */,
				5400EFFD1D8B135D00B0A267 /* LoginVC.m */,
			);
			path = LoginVC;
			sourceTree = "<group>";
		};
		5400EFFF1D8B136700B0A267 /* SignUpVC */ = {
			isa = PBXGroup;
			children = (
				5400F0001D8B13A700B0A267 /* SignUpVC.h */,
				5400F0011D8B13A700B0A267 /* SignUpVC.m */,
			);
			name = SignUpVC;
			sourceTree = "<group>";
		};
		5400F0031D8B140300B0A267 /* ForGetpassVC */ = {
			isa = PBXGroup;
			children = (
				5400F0041D8B14A700B0A267 /* ForGetpassVC.h */,
				5400F0051D8B14A700B0A267 /* ForGetpassVC.m */,
			);
			path = ForGetpassVC;
			sourceTree = "<group>";
		};
		54132EBD1D8B82DF00B8FDC3 /* API */ = {
			isa = PBXGroup;
			children = (
			);
			path = API;
			sourceTree = "<group>";
		};
		54132EBF1D8B869A00B8FDC3 /* Search */ = {
			isa = PBXGroup;
			children = (
				54132EC01D8B869E00B8FDC3 /* SearchVC */,
			);
			path = Search;
			sourceTree = "<group>";
		};
		54132EC01D8B869E00B8FDC3 /* SearchVC */ = {
			isa = PBXGroup;
			children = (
				54132EC11D8B86BD00B8FDC3 /* SearchVC.h */,
				54132EC21D8B86BD00B8FDC3 /* SearchVC.m */,
			);
			name = SearchVC;
			sourceTree = "<group>";
		};
		549239681D8A73EE0094D84F /* Cơm Việt */ = {
			isa = PBXGroup;
			children = (
				549239951D8A7BA80094D84F /* define.h */,
				549239691D8A73EE0094D84F /* AppDelegate */,
				549239711D8A73EE0094D84F /* Model */,
				549239721D8A73EE0094D84F /* View */,
				549239751D8A73EE0094D84F /* ViewController */,
			);
			path = "Cơm Việt";
			sourceTree = "<group>";
		};
		549239691D8A73EE0094D84F /* AppDelegate */ = {
			isa = PBXGroup;
			children = (
				5492396A1D8A73EE0094D84F /* AppDelegate.h */,
				5492396B1D8A73EE0094D84F /* AppDelegate.m */,
			);
			path = AppDelegate;
			sourceTree = "<group>";
		};
		549239711D8A73EE0094D84F /* Model */ = {
			isa = PBXGroup;
			children = (
				54132EBD1D8B82DF00B8FDC3 /* API */,
			);
			path = Model;
			sourceTree = "<group>";
		};
		549239721D8A73EE0094D84F /* View */ = {
			isa = PBXGroup;
			children = (
				549239731D8A73EE0094D84F /* Storyboard */,
				5492396C1D8A73EE0094D84F /* Assets.xcassets */,
				5492396D1D8A73EE0094D84F /* LaunchScreen.storyboard */,
				5492396F1D8A73EE0094D84F /* Info.plist */,
				549239701D8A73EE0094D84F /* main.m */,
			);
			path = View;
			sourceTree = "<group>";
		};
		549239731D8A73EE0094D84F /* Storyboard */ = {
			isa = PBXGroup;
			children = (
				5400F0071D8B14BA00B0A267 /* Login.storyboard */,
				5400EFF61D8B11D400B0A267 /* Search.storyboard */,
				549239741D8A73EE0094D84F /* Main.storyboard */,
				549239961D8A9A140094D84F /* Introduce.storyboard */,
			);
			path = Storyboard;
			sourceTree = "<group>";
		};
		549239751D8A73EE0094D84F /* ViewController */ = {
			isa = PBXGroup;
			children = (
				54132EBF1D8B869A00B8FDC3 /* Search */,
				5400EFFA1D8B132C00B0A267 /* Login */,
				5400EFED1D8AEADA00B0A267 /* Introduce */,
				549239761D8A73EE0094D84F /* Base */,
				549239831D8A73EE0094D84F /* MainVC */,
				549239861D8A73EE0094D84F /* MenuVC */,
			);
			path = ViewController;
			sourceTree = "<group>";
		};
		549239761D8A73EE0094D84F /* Base */ = {
			isa = PBXGroup;
			children = (
				549239771D8A73EE0094D84F /* BaseNV */,
				5492397A1D8A73EE0094D84F /* BaseVC */,
			);
			path = Base;
			sourceTree = "<group>";
		};
		549239771D8A73EE0094D84F /* BaseNV */ = {
			isa = PBXGroup;
			children = (
				549239781D8A73EE0094D84F /* BaseNV.h */,
				549239791D8A73EE0094D84F /* BaseNV.m */,
			);
			path = BaseNV;
			sourceTree = "<group>";
		};
		5492397A1D8A73EE0094D84F /* BaseVC */ = {
			isa = PBXGroup;
			children = (
				5492397B1D8A73EE0094D84F /* BaseVC.h */,
				5492397C1D8A73EE0094D84F /* BaseVC.m */,
			);
			path = BaseVC;
			sourceTree = "<group>";
		};
		549239831D8A73EE0094D84F /* MainVC */ = {
			isa = PBXGroup;
			children = (
				549239841D8A73EE0094D84F /* MainVC.h */,
				549239851D8A73EE0094D84F /* MainVC.m */,
			);
			path = MainVC;
			sourceTree = "<group>";
		};
		549239861D8A73EE0094D84F /* MenuVC */ = {
			isa = PBXGroup;
			children = (
				549239871D8A73EE0094D84F /* MenuVC.h */,
				549239881D8A73EE0094D84F /* MenuVC.m */,
			);
			path = MenuVC;
			sourceTree = "<group>";
		};
		5496F6CE1D87FDCA00486A3B = {
			isa = PBXGroup;
			children = (
				549239681D8A73EE0094D84F /* Cơm Việt */,
				5496F6D81D87FDCA00486A3B /* Products */,
			);
			sourceTree = "<group>";
		};
		5496F6D81D87FDCA00486A3B /* Products */ = {
			isa = PBXGroup;
			children = (
				5496F6D71D87FDCA00486A3B /* Cơm Việt.app */,
			);
			name = Products;
			sourceTree = "<group>";
		};
/* End PBXGroup section */

/* Begin PBXNativeTarget section */
		5496F6D61D87FDCA00486A3B /* Cơm Việt */ = {
			isa = PBXNativeTarget;
			buildConfigurationList = 5496F6EE1D87FDCA00486A3B /* Build configuration list for PBXNativeTarget "Cơm Việt" */;
			buildPhases = (
				5496F6D31D87FDCA00486A3B /* Sources */,
				5496F6D41D87FDCA00486A3B /* Frameworks */,
				5496F6D51D87FDCA00486A3B /* Resources */,
			);
			buildRules = (
			);
			dependencies = (
			);
			name = "Cơm Việt";
			productName = "Cơm";
			productReference = 5496F6D71D87FDCA00486A3B /* Cơm Việt.app */;
			productType = "com.apple.product-type.application";
		};
/* End PBXNativeTarget section */

/* Begin PBXProject section */
		5496F6CF1D87FDCA00486A3B /* Project object */ = {
			isa = PBXProject;
			attributes = {
				LastUpgradeCheck = 0730;
				ORGANIZATIONNAME = admin;
				TargetAttributes = {
					5496F6D61D87FDCA00486A3B = {
						CreatedOnToolsVersion = 7.3.1;
						DevelopmentTeam = 6D7CLF59N3;
					};
				};
			};
			buildConfigurationList = 5496F6D21D87FDCA00486A3B /* Build configuration list for PBXProject "Cơm Việt" */;
			compatibilityVersion = "Xcode 3.2";
			developmentRegion = English;
			hasScannedForEncodings = 0;
			knownRegions = (
				en,
				Base,
			);
			mainGroup = 5496F6CE1D87FDCA00486A3B;
			productRefGroup = 5496F6D81D87FDCA00486A3B /* Products */;
			projectDirPath = "";
			projectRoot = "";
			targets = (
				5496F6D61D87FDCA00486A3B /* Cơm Việt */,
			);
		};
/* End PBXProject section */

/* Begin PBXResourcesBuildPhase section */
		5496F6D51D87FDCA00486A3B /* Resources */ = {
			isa = PBXResourcesBuildPhase;
			buildActionMask = 2147483647;
			files = (
				5400F0081D8B14BA00B0A267 /* Login.storyboard in Resources */,
				5492398E1D8A73EE0094D84F /* Main.storyboard in Resources */,
				549239971D8A9A140094D84F /* Introduce.storyboard in Resources */,
				5492398C1D8A73EE0094D84F /* Info.plist in Resources */,
				5492398A1D8A73EE0094D84F /* Assets.xcassets in Resources */,
				5400EFF71D8B11D400B0A267 /* Search.storyboard in Resources */,
				5492398B1D8A73EE0094D84F /* LaunchScreen.storyboard in Resources */,
			);
			runOnlyForDeploymentPostprocessing = 0;
		};
/* End PBXResourcesBuildPhase section */

/* Begin PBXSourcesBuildPhase section */
		5496F6D31D87FDCA00486A3B /* Sources */ = {
			isa = PBXSourcesBuildPhase;
			buildActionMask = 2147483647;
			files = (
				5492398D1D8A73EE0094D84F /* main.m in Sources */,
				549239941D8A73EE0094D84F /* MenuVC.m in Sources */,
				5400EFF51D8AEB6500B0A267 /* CellIntro.m in Sources */,
				5400F0021D8B13A700B0A267 /* SignUpVC.m in Sources */,
				54132EC31D8B86BD00B8FDC3 /* SearchVC.m in Sources */,
				549239931D8A73EE0094D84F /* MainVC.m in Sources */,
				5400EFFE1D8B135D00B0A267 /* LoginVC.m in Sources */,
				549239901D8A73EE0094D84F /* BaseVC.m in Sources */,
				5400EFF21D8AEADA00B0A267 /* IntroduceVC.m in Sources */,
				5400F0061D8B14A700B0A267 /* ForGetpassVC.m in Sources */,
				5492398F1D8A73EE0094D84F /* BaseNV.m in Sources */,
				549239891D8A73EE0094D84F /* AppDelegate.m in Sources */,
			);
			runOnlyForDeploymentPostprocessing = 0;
		};
/* End PBXSourcesBuildPhase section */

/* Begin PBXVariantGroup section */
		5492396D1D8A73EE0094D84F /* LaunchScreen.storyboard */ = {
			isa = PBXVariantGroup;
			children = (
				5492396E1D8A73EE0094D84F /* Base */,
			);
			name = LaunchScreen.storyboard;
			path = ..;
			sourceTree = "<group>";
		};
/* End PBXVariantGroup section */

/* Begin XCBuildConfiguration section */
		5496F6EC1D87FDCA00486A3B /* Debug */ = {
			isa = XCBuildConfiguration;
			buildSettings = {
				ALWAYS_SEARCH_USER_PATHS = NO;
				CLANG_ANALYZER_NONNULL = YES;
				CLANG_CXX_LANGUAGE_STANDARD = "gnu++0x";
				CLANG_CXX_LIBRARY = "libc++";
				CLANG_ENABLE_MODULES = YES;
				CLANG_ENABLE_OBJC_ARC = YES;
				CLANG_WARN_BOOL_CONVERSION = YES;
				CLANG_WARN_CONSTANT_CONVERSION = YES;
				CLANG_WARN_DIRECT_OBJC_ISA_USAGE = YES_ERROR;
				CLANG_WARN_EMPTY_BODY = YES;
				CLANG_WARN_ENUM_CONVERSION = YES;
				CLANG_WARN_INT_CONVERSION = YES;
				CLANG_WARN_OBJC_ROOT_CLASS = YES_ERROR;
				CLANG_WARN_UNREACHABLE_CODE = YES;
				CLANG_WARN__DUPLICATE_METHOD_MATCH = YES;
				"CODE_SIGN_IDENTITY[sdk=iphoneos*]" = "iPhone Developer";
				COPY_PHASE_STRIP = NO;
				DEBUG_INFORMATION_FORMAT = dwarf;
				ENABLE_STRICT_OBJC_MSGSEND = YES;
				ENABLE_TESTABILITY = YES;
				GCC_C_LANGUAGE_STANDARD = gnu99;
				GCC_DYNAMIC_NO_PIC = NO;
				GCC_NO_COMMON_BLOCKS = YES;
				GCC_OPTIMIZATION_LEVEL = 0;
				GCC_PREPROCESSOR_DEFINITIONS = (
					"DEBUG=1",
					"$(inherited)",
				);
				GCC_WARN_64_TO_32_BIT_CONVERSION = YES;
				GCC_WARN_ABOUT_RETURN_TYPE = YES_ERROR;
				GCC_WARN_UNDECLARED_SELECTOR = YES;
				GCC_WARN_UNINITIALIZED_AUTOS = YES_AGGRESSIVE;
				GCC_WARN_UNUSED_FUNCTION = YES;
				GCC_WARN_UNUSED_VARIABLE = YES;
				IPHONEOS_DEPLOYMENT_TARGET = 9.3;
				MTL_ENABLE_DEBUG_INFO = YES;
				ONLY_ACTIVE_ARCH = YES;
				SDKROOT = iphoneos;
			};
			name = Debug;
		};
		5496F6ED1D87FDCA00486A3B /* Release */ = {
			isa = XCBuildConfiguration;
			buildSettings = {
				ALWAYS_SEARCH_USER_PATHS = NO;
				CLANG_ANALYZER_NONNULL = YES;
				CLANG_CXX_LANGUAGE_STANDARD = "gnu++0x";
				CLANG_CXX_LIBRARY = "libc++";
				CLANG_ENABLE_MODULES = YES;
				CLANG_ENABLE_OBJC_ARC = YES;
				CLANG_WARN_BOOL_CONVERSION = YES;
				CLANG_WARN_CONSTANT_CONVERSION = YES;
				CLANG_WARN_DIRECT_OBJC_ISA_USAGE = YES_ERROR;
				CLANG_WARN_EMPTY_BODY = YES;
				CLANG_WARN_ENUM_CONVERSION = YES;
				CLANG_WARN_INT_CONVERSION = YES;
				CLANG_WARN_OBJC_ROOT_CLASS = YES_ERROR;
				CLANG_WARN_UNREACHABLE_CODE = YES;
				CLANG_WARN__DUPLICATE_METHOD_MATCH = YES;
				"CODE_SIGN_IDENTITY[sdk=iphoneos*]" = "iPhone Developer";
				COPY_PHASE_STRIP = NO;
				DEBUG_INFORMATION_FORMAT = "dwarf-with-dsym";
				ENABLE_NS_ASSERTIONS = NO;
				ENABLE_STRICT_OBJC_MSGSEND = YES;
				GCC_C_LANGUAGE_STANDARD = gnu99;
				GCC_NO_COMMON_BLOCKS = YES;
				GCC_WARN_64_TO_32_BIT_CONVERSION = YES;
				GCC_WARN_ABOUT_RETURN_TYPE = YES_ERROR;
				GCC_WARN_UNDECLARED_SELECTOR = YES;
				GCC_WARN_UNINITIALIZED_AUTOS = YES_AGGRESSIVE;
				GCC_WARN_UNUSED_FUNCTION = YES;
				GCC_WARN_UNUSED_VARIABLE = YES;
				IPHONEOS_DEPLOYMENT_TARGET = 9.3;
				MTL_ENABLE_DEBUG_INFO = NO;
				SDKROOT = iphoneos;
				VALIDATE_PRODUCT = YES;
			};
			name = Release;
		};
		5496F6EF1D87FDCA00486A3B /* Debug */ = {
			isa = XCBuildConfiguration;
			buildSettings = {
				ASSETCATALOG_COMPILER_APPICON_NAME = AppIcon;
				CODE_SIGN_IDENTITY = "iPhone Developer";
				INFOPLIST_FILE = "Cơm Việt/Info.plist";
				LD_RUNPATH_SEARCH_PATHS = "$(inherited) @executable_path/Frameworks";
				PRODUCT_BUNDLE_IDENTIFIER = "nguyenmach.com.Co-m";
				PRODUCT_NAME = "Cơm Việt";
			};
			name = Debug;
		};
		5496F6F01D87FDCA00486A3B /* Release */ = {
			isa = XCBuildConfiguration;
			buildSettings = {
				ASSETCATALOG_COMPILER_APPICON_NAME = AppIcon;
				CODE_SIGN_IDENTITY = "iPhone Developer";
				INFOPLIST_FILE = "Cơm Việt/Info.plist";
				LD_RUNPATH_SEARCH_PATHS = "$(inherited) @executable_path/Frameworks";
				PRODUCT_BUNDLE_IDENTIFIER = "nguyenmach.com.Co-m";
				PRODUCT_NAME = "Cơm Việt";
			};
			name = Release;
		};
/* End XCBuildConfiguration section */

/* Begin XCConfigurationList section */
		5496F6D21D87FDCA00486A3B /* Build configuration list for PBXProject "Cơm Việt" */ = {
			isa = XCConfigurationList;
			buildConfigurations = (
				5496F6EC1D87FDCA00486A3B /* Debug */,
				5496F6ED1D87FDCA00486A3B /* Release */,
			);
			defaultConfigurationIsVisible = 0;
			defaultConfigurationName = Release;
		};
		5496F6EE1D87FDCA00486A3B /* Build configuration list for PBXNativeTarget "Cơm Việt" */ = {
			isa = XCConfigurationList;
			buildConfigurations = (
				5496F6EF1D87FDCA00486A3B /* Debug */,
				5496F6F01D87FDCA00486A3B /* Release */,
			);
			defaultConfigurationIsVisible = 0;
			defaultConfigurationName = Release;
		};
/* End XCConfigurationList section */
	};
	rootObject = 5496F6CF1D87FDCA00486A3B /* Project object */;
}
